
Microsoft Visual Studio Solution File, Format Version 12.00
# Visual Studio Version 17
VisualStudioVersion = 17.5.33516.290
MinimumVisualStudioVersion = 10.0.40219.1
Project("{9A19103F-16F7-4668-BE54-9A1E7A4F7556}") = "apinorthwind", "apinorthwind\apinorthwind.csproj", "{456E10A8-B7A4-4EB1-A495-1C4449F1A797}"
EndProject
Global
	GlobalSection(SolutionConfigurationPlatforms) = preSolution
		Debug|Any CPU = Debug|Any CPU
		Release|Any CPU = Release|Any CPU
	EndGlobalSection
	GlobalSection(ProjectConfigurationPlatforms) = postSolution
		{456E10A8-B7A4-4EB1-A495-1C4449F1A797}.Debug|Any CPU.ActiveCfg = Debug|Any CPU
		{456E10A8-B7A4-4EB1-A495-1C4449F1A797}.Debug|Any CPU.Build.0 = Debug|Any CPU
		{456E10A8-B7A4-4EB1-A495-1C4449F1A797}.Release|Any CPU.ActiveCfg = Release|Any CPU
		{456E10A8-B7A4-4EB1-A495-1C4449F1A797}.Release|Any CPU.Build.0 = Release|Any CPU
	EndGlobalSection
	GlobalSection(SolutionProperties) = preSolution
		HideSolutionNode = FALSE
	EndGlobalSection
	GlobalSection(ExtensibilityGlobals) = postSolution
		SolutionGuid = {787E19A3-CE6B-4E9B-89C6-63B16BCEEDF9}
	EndGlobalSection
EndGlobal
